
Microsoft Visual Studio Solution File, Format Version 12.00
# Visual Studio Version 16
VisualStudioVersion = 16.0.31402.337
MinimumVisualStudioVersion = 10.0.40219.1
Project("{2150E333-8FDC-42A3-9474-1A3956D46DE8}") = "CleanArch.Application", "CleanArch.Application", "{00046C94-49DA-4629-8D84-A79ABEA883AC}"
EndProject
Project("{2150E333-8FDC-42A3-9474-1A3956D46DE8}") = "CleanArch.Domain", "CleanArch.Domain", "{11259667-3A1F-44E1-8881-A0EDD254FD38}"
EndProject
Project("{2150E333-8FDC-42A3-9474-1A3956D46DE8}") = "CleanArch.Infra.IoC", "CleanArch.Infra.IoC", "{0C697EA4-10F4-493F-BBE8-ACF015931C53}"
EndProject
Project("{2150E333-8FDC-42A3-9474-1A3956D46DE8}") = "CleanArch.Infra.Data", "CleanArch.Infra.Data", "{BBEDC175-E10E-469B-BECE-E3D8B3AF6A22}"
EndProject
Project("{2150E333-8FDC-42A3-9474-1A3956D46DE8}") = "CleanArch.UI.Mvc", "CleanArch.UI.Mvc", "{AE2AD53E-3EA5-4EF4-B057-684DBBE6F86E}"
EndProject
Project("{FAE04EC0-301F-11D3-BF4B-00C04F79EFBC}") = "CleanArch.Mvc", "CleanArch.Mvc\CleanArch.Mvc.csproj", "{604EBCBA-28D8-49FE-81B6-563C5446C754}"
EndProject
Global
	GlobalSection(SolutionConfigurationPlatforms) = preSolution
		Debug|Any CPU = Debug|Any CPU
		Release|Any CPU = Release|Any CPU
	EndGlobalSection
	GlobalSection(ProjectConfigurationPlatforms) = postSolution
		{604EBCBA-28D8-49FE-81B6-563C5446C754}.Debug|Any CPU.ActiveCfg = Debug|Any CPU
		{604EBCBA-28D8-49FE-81B6-563C5446C754}.Debug|Any CPU.Build.0 = Debug|Any CPU
		{604EBCBA-28D8-49FE-81B6-563C5446C754}.Release|Any CPU.ActiveCfg = Release|Any CPU
		{604EBCBA-28D8-49FE-81B6-563C5446C754}.Release|Any CPU.Build.0 = Release|Any CPU
	EndGlobalSection
	GlobalSection(SolutionProperties) = preSolution
		HideSolutionNode = FALSE
	EndGlobalSection
	GlobalSection(ExtensibilityGlobals) = postSolution
		SolutionGuid = {2FABDCB4-6561-41F6-9787-ECB41C0ADBDE}
	EndGlobalSection
EndGlobal
